
Microsoft Visual Studio Solution File, Format Version 12.00
# Visual Studio Version 17
VisualStudioVersion = 17.0.31903.59
MinimumVisualStudioVersion = 10.0.40219.1
Project("{2150E333-8FDC-42A3-9474-1A3956D46DE8}") = "tests", "tests", "{0AB3BF05-4346-4AA6-1389-037BE0695223}"
EndProject
Project("{FAE04EC0-301F-11D3-BF4B-00C04F79EFBC}") = "Programming_of_corporate_industrial_systems_Practice_2.Tests", "tests\Programming_of_corporate_industrial_systems_Practice_2.Tests\Programming_of_corporate_industrial_systems_Practice_2.Tests.csproj", "{B93F71CE-0AC1-4B78-A2C3-D3A4AB4C65FA}"
EndProject
Project("{2150E333-8FDC-42A3-9474-1A3956D46DE8}") = "src", "src", "{827E0CD3-B72D-47B6-A68D-7590B98EB39B}"
EndProject
Project("{FAE04EC0-301F-11D3-BF4B-00C04F79EFBC}") = "Programming_of_corporate_industrial_systems_Practice_2_server", "src\Programming_of_corporate_industrial_systems_Practice_2_server\Programming_of_corporate_industrial_systems_Practice_2_server.csproj", "{517E8625-CC9B-CE22-B80D-41EA87E2B88B}"
EndProject
Project("{FAE04EC0-301F-11D3-BF4B-00C04F79EFBC}") = "Programming_of_corporate_industrial_systems_Practice_2_client", "src\Programming_of_corporate_industrial_systems_Practice_2_client\Programming_of_corporate_industrial_systems_Practice_2_client.csproj", "{B01207B4-4828-92A4-D97F-46EEFDCD4464}"
EndProject
Global
	GlobalSection(SolutionConfigurationPlatforms) = preSolution
		Debug|Any CPU = Debug|Any CPU
		Debug|x64 = Debug|x64
		Debug|x86 = Debug|x86
		Release|Any CPU = Release|Any CPU
		Release|x64 = Release|x64
		Release|x86 = Release|x86
	EndGlobalSection
	GlobalSection(ProjectConfigurationPlatforms) = postSolution
		{B93F71CE-0AC1-4B78-A2C3-D3A4AB4C65FA}.Debug|Any CPU.ActiveCfg = Debug|Any CPU
		{B93F71CE-0AC1-4B78-A2C3-D3A4AB4C65FA}.Debug|Any CPU.Build.0 = Debug|Any CPU
		{B93F71CE-0AC1-4B78-A2C3-D3A4AB4C65FA}.Debug|x64.ActiveCfg = Debug|Any CPU
		{B93F71CE-0AC1-4B78-A2C3-D3A4AB4C65FA}.Debug|x64.Build.0 = Debug|Any CPU
		{B93F71CE-0AC1-4B78-A2C3-D3A4AB4C65FA}.Debug|x86.ActiveCfg = Debug|Any CPU
		{B93F71CE-0AC1-4B78-A2C3-D3A4AB4C65FA}.Debug|x86.Build.0 = Debug|Any CPU
		{B93F71CE-0AC1-4B78-A2C3-D3A4AB4C65FA}.Release|Any CPU.ActiveCfg = Release|Any CPU
		{B93F71CE-0AC1-4B78-A2C3-D3A4AB4C65FA}.Release|Any CPU.Build.0 = Release|Any CPU
		{B93F71CE-0AC1-4B78-A2C3-D3A4AB4C65FA}.Release|x64.ActiveCfg = Release|Any CPU
		{B93F71CE-0AC1-4B78-A2C3-D3A4AB4C65FA}.Release|x64.Build.0 = Release|Any CPU
		{B93F71CE-0AC1-4B78-A2C3-D3A4AB4C65FA}.Release|x86.ActiveCfg = Release|Any CPU
		{B93F71CE-0AC1-4B78-A2C3-D3A4AB4C65FA}.Release|x86.Build.0 = Release|Any CPU
		{517E8625-CC9B-CE22-B80D-41EA87E2B88B}.Debug|Any CPU.ActiveCfg = Debug|Any CPU
		{517E8625-CC9B-CE22-B80D-41EA87E2B88B}.Debug|Any CPU.Build.0 = Debug|Any CPU
		{517E8625-CC9B-CE22-B80D-41EA87E2B88B}.Debug|x64.ActiveCfg = Debug|Any CPU
		{517E8625-CC9B-CE22-B80D-41EA87E2B88B}.Debug|x64.Build.0 = Debug|Any CPU
		{517E8625-CC9B-CE22-B80D-41EA87E2B88B}.Debug|x86.ActiveCfg = Debug|Any CPU
		{517E8625-CC9B-CE22-B80D-41EA87E2B88B}.Debug|x86.Build.0 = Debug|Any CPU
		{517E8625-CC9B-CE22-B80D-41EA87E2B88B}.Release|Any CPU.ActiveCfg = Release|Any CPU
		{517E8625-CC9B-CE22-B80D-41EA87E2B88B}.Release|Any CPU.Build.0 = Release|Any CPU
		{517E8625-CC9B-CE22-B80D-41EA87E2B88B}.Release|x64.ActiveCfg = Release|Any CPU
		{517E8625-CC9B-CE22-B80D-41EA87E2B88B}.Release|x64.Build.0 = Release|Any CPU
		{517E8625-CC9B-CE22-B80D-41EA87E2B88B}.Release|x86.ActiveCfg = Release|Any CPU
		{517E8625-CC9B-CE22-B80D-41EA87E2B88B}.Release|x86.Build.0 = Release|Any CPU
		{B01207B4-4828-92A4-D97F-46EEFDCD4464}.Debug|Any CPU.ActiveCfg = Debug|Any CPU
		{B01207B4-4828-92A4-D97F-46EEFDCD4464}.Debug|Any CPU.Build.0 = Debug|Any CPU
		{B01207B4-4828-92A4-D97F-46EEFDCD4464}.Debug|x64.ActiveCfg = Debug|Any CPU
		{B01207B4-4828-92A4-D97F-46EEFDCD4464}.Debug|x64.Build.0 = Debug|Any CPU
		{B01207B4-4828-92A4-D97F-46EEFDCD4464}.Debug|x86.ActiveCfg = Debug|Any CPU
		{B01207B4-4828-92A4-D97F-46EEFDCD4464}.Debug|x86.Build.0 = Debug|Any CPU
		{B01207B4-4828-92A4-D97F-46EEFDCD4464}.Release|Any CPU.ActiveCfg = Release|Any CPU
		{B01207B4-4828-92A4-D97F-46EEFDCD4464}.Release|Any CPU.Build.0 = Release|Any CPU
		{B01207B4-4828-92A4-D97F-46EEFDCD4464}.Release|x64.ActiveCfg = Release|Any CPU
		{B01207B4-4828-92A4-D97F-46EEFDCD4464}.Release|x64.Build.0 = Release|Any CPU
		{B01207B4-4828-92A4-D97F-46EEFDCD4464}.Release|x86.ActiveCfg = Release|Any CPU
		{B01207B4-4828-92A4-D97F-46EEFDCD4464}.Release|x86.Build.0 = Release|Any CPU
	EndGlobalSection
	GlobalSection(SolutionProperties) = preSolution
		HideSolutionNode = FALSE
	EndGlobalSection
	GlobalSection(NestedProjects) = preSolution
		{B93F71CE-0AC1-4B78-A2C3-D3A4AB4C65FA} = {0AB3BF05-4346-4AA6-1389-037BE0695223}
		{517E8625-CC9B-CE22-B80D-41EA87E2B88B} = {827E0CD3-B72D-47B6-A68D-7590B98EB39B}
		{B01207B4-4828-92A4-D97F-46EEFDCD4464} = {827E0CD3-B72D-47B6-A68D-7590B98EB39B}
	EndGlobalSection
	GlobalSection(ExtensibilityGlobals) = postSolution
		SolutionGuid = {4145F806-E9C3-4501-B3D9-51997C0E2D8F}
	EndGlobalSection
EndGlobal
